
Microsoft Visual Studio Solution File, Format Version 12.00
# Visual Studio 15
VisualStudioVersion = 15.0.27428.2043
MinimumVisualStudioVersion = 10.0.40219.1
Project("{FAE04EC0-301F-11D3-BF4B-00C04F79EFBC}") = "Caesar Encryption", "Caesar Encryption\Caesar Encryption.csproj", "{388344D6-6981-436B-9263-DBAD7C14D405}"
EndProject
Global
	GlobalSection(SolutionConfigurationPlatforms) = preSolution
		Debug|Any CPU = Debug|Any CPU
		Release|Any CPU = Release|Any CPU
	EndGlobalSection
	GlobalSection(ProjectConfigurationPlatforms) = postSolution
		{388344D6-6981-436B-9263-DBAD7C14D405}.Debug|Any CPU.ActiveCfg = Debug|Any CPU
		{388344D6-6981-436B-9263-DBAD7C14D405}.Debug|Any CPU.Build.0 = Debug|Any CPU
		{388344D6-6981-436B-9263-DBAD7C14D405}.Release|Any CPU.ActiveCfg = Release|Any CPU
		{388344D6-6981-436B-9263-DBAD7C14D405}.Release|Any CPU.Build.0 = Release|Any CPU
	EndGlobalSection
	GlobalSection(SolutionProperties) = preSolution
		HideSolutionNode = FALSE
	EndGlobalSection
	GlobalSection(ExtensibilityGlobals) = postSolution
		SolutionGuid = {5BB7D9BA-C713-43AE-B372-9AB32C876498}
	EndGlobalSection
EndGlobal
